{
  "version": 4,
  "terraform_version": "1.0.2",
  "serial": 13,
  "lineage": "d40385b4-1d64-528c-f353-75e17d054b75",
  "outputs": {},
  "resources": [
    {
      "mode": "managed",
      "type": "aws_instance",
      "name": "app_server",
      "provider": "provider[\"registry.terraform.io/hashicorp/aws\"]",
      "instances": [
        {
          "schema_version": 1,
          "attributes": {
            "ami": "ami-0385fb77199a3e724",
            "arn": "arn:aws:ec2:us-east-2:243481923718:instance/i-0299bc41a167327ec",
            "associate_public_ip_address": true,
            "availability_zone": "us-east-2c",
            "capacity_reservation_specification": [
              {
                "capacity_reservation_preference": "open",
                "capacity_reservation_target": []
              }
            ],
            "cpu_core_count": 1,
            "cpu_threads_per_core": 1,
            "credit_specification": [
              {
                "cpu_credits": "standard"
              }
            ],
            "disable_api_termination": false,
            "ebs_block_device": [],
            "ebs_optimized": false,
            "enclave_options": [
              {
                "enabled": false
              }
            ],
            "ephemeral_block_device": [],
            "get_password_data": false,
            "hibernation": false,
            "host_id": null,
            "iam_instance_profile": "CodeDeployDemo-EC2-Instance-Profile",
            "id": "i-0299bc41a167327ec",
            "instance_initiated_shutdown_behavior": "stop",
            "instance_state": "running",
            "instance_type": "t2.micro",
            "ipv6_address_count": 0,
            "ipv6_addresses": [],
            "key_name": "new-kp",
            "metadata_options": [
              {
                "http_endpoint": "enabled",
                "http_put_response_hop_limit": 1,
                "http_tokens": "optional"
              }
            ],
            "monitoring": false,
            "network_interface": [],
            "outpost_arn": "",
            "password_data": "",
            "placement_group": "",
            "primary_network_interface_id": "eni-0f1a72e3445720847",
            "private_dns": "ip-172-31-34-212.us-east-2.compute.internal",
            "private_ip": "172.31.34.212",
            "public_dns": "ec2-18-191-42-110.us-east-2.compute.amazonaws.com",
            "public_ip": "18.191.42.110",
            "root_block_device": [
              {
                "delete_on_termination": true,
                "device_name": "/dev/xvda",
                "encrypted": false,
                "iops": 100,
                "kms_key_id": "",
                "tags": {},
                "throughput": 0,
                "volume_id": "vol-084eda6e10ef8f4fd",
                "volume_size": 10,
                "volume_type": "gp2"
              }
            ],
            "secondary_private_ips": [],
            "security_groups": [
              "p1-sg"
            ],
            "source_dest_check": true,
            "subnet_id": "subnet-08aff444",
            "tags": {
              "Name": "p1-projectreclass.org"
            },
            "tags_all": {
              "Name": "p1-projectreclass.org"
            },
            "tenancy": "default",
            "timeouts": null,
            "user_data": null,
            "user_data_base64": null,
            "volume_tags": null,
            "vpc_security_group_ids": [
              "sg-0104b7c63301a7d1c"
            ]
          },
          "sensitive_attributes": [],
          "private": "eyJlMmJmYjczMC1lY2FhLTExZTYtOGY4OC0zNDM2M2JjN2M0YzAiOnsiY3JlYXRlIjo2MDAwMDAwMDAwMDAsImRlbGV0ZSI6MTIwMDAwMDAwMDAwMCwidXBkYXRlIjo2MDAwMDAwMDAwMDB9LCJzY2hlbWFfdmVyc2lvbiI6IjEifQ=="
        }
      ]
    },
    {
      "mode": "managed",
      "type": "aws_key_pair",
      "name": "deployer",
      "provider": "provider[\"registry.terraform.io/hashicorp/aws\"]",
      "instances": [
        {
          "schema_version": 1,
          "attributes": {
            "arn": "arn:aws:ec2:us-east-2:243481923718:key-pair/new-kp",
            "fingerprint": "c9:76:16:bd:59:3d:7f:db:8a:fc:02:0c:d0:93:a8:77",
            "id": "new-kp",
            "key_name": "new-kp",
            "key_name_prefix": null,
            "key_pair_id": "key-06e9e7e4a0e994145",
            "public_key": "ssh-rsa AAAAB3NzaC1yc2EAAAADAQABAAABAQC7CLfU483omKfTo3Gp/iokagzvbp7NSCVA6C1o3ymd7WNXsDrn9sbR3Xomb/XO0ug9bSXjBBrNZ/dt/nKkELYS0QA+Pv2du/TcXThpA1khQZKihUdvl2k5ka1SuGUZvXij32a37s3bbZK7t09tM2GMgIZl6fqpo+Gqi1BXM20tOQBouwkeDA8sRWrIHV7n/Fa/Aypbqp0Q+VzoG5/ECVmZaLoGrK+08vE3ULvkN0QWwoXcOBMcoe4Plq3Nt5vubgEJmZKT2NhllDaVrXHSYYYQ0JxAYQklGBzF/cK7uSxUh4hJtsDsl0TYYMYOjSYewW31jOF8rVpcRD8QrVtVJ2WV new-kp",
            "tags": {},
            "tags_all": {}
          },
          "sensitive_attributes": [],
          "private": "eyJzY2hlbWFfdmVyc2lvbiI6IjEifQ=="
        }
      ]
    }
  ]
}
